<?xml version="1.0" encoding="utf-8"?>
<Project ToolsVersion="4.0" xmlns="http://schemas.microsoft.com/developer/msbuild/2003">
  <ItemGroup>
    <Filter Include="Source Files">
      <UniqueIdentifier>{15af6808-d2fd-4f0c-95c3-3e95e21d8795}</UniqueIdentifier>
      <Extensions>cpp;c;cxx;rc;def;r;odl;idl;hpj;bat</Extensions>
    </Filter>
    <Filter Include="Header Files">
      <UniqueIdentifier>{e728c9ae-12e1-4192-9817-5c742ae92777}</UniqueIdentifier>
      <Extensions>h;hpp;hxx;hm;inl</Extensions>
    </Filter>
    <Filter Include="Resource Files">
      <UniqueIdentifier>{ff510a1a-a93e-4872-b683-094970301080}</UniqueIdentifier>
      <Extensions>ico;cur;bmp;dlg;rc2;rct;bin;rgs;gif;jpg;jpeg;jpe</Extensions>
    </Filter>
  </ItemGroup>
  <ItemGroup>
    <ClCompile Include="3DS.CPP">
      <Filter>Source Files</Filter>
    </ClCompile>
    <ClCompile Include="AUVSimulate.cpp">
      <Filter>Source Files</Filter>
    </ClCompile>
    <ClCompile Include="loadimage.cpp">
      <Filter>Source Files</Filter>
    </ClCompile>
    <ClCompile Include="SceneObj.cpp">
      <Filter>Source Files</Filter>
    </ClCompile>
    <ClCompile Include="StdAfx.cpp">
      <Filter>Source Files</Filter>
    </ClCompile>
  </ItemGroup>
  <ItemGroup>
    <ClInclude Include="3DS.H">
      <Filter>Header Files</Filter>
    </ClInclude>
    <ClInclude Include="AUVSimulate.h">
      <Filter>Header Files</Filter>
    </ClInclude>
    <ClInclude Include="glFrame.h">
      <Filter>Header Files</Filter>
    </ClInclude>
    <ClInclude Include="loadimage.h">
      <Filter>Header Files</Filter>
    </ClInclude>
    <ClInclude Include="SceneObj.h">
      <Filter>Header Files</Filter>
    </ClInclude>
    <ClInclude Include="StdAfx.h">
      <Filter>Header Files</Filter>
    </ClInclude>
    <ClInclude Include="vec3.h">
      <Filter>Header Files</Filter>
    </ClInclude>
  </ItemGroup>
  <ItemGroup>
    <Text Include="ReadMe.txt" />
  </ItemGroup>
</Project>